
Microsoft Visual Studio Solution File, Format Version 12.00
# Visual Studio 15
VisualStudioVersion = 15.0.28307.902
MinimumVisualStudioVersion = 10.0.40219.1
Project("{FAE04EC0-301F-11D3-BF4B-00C04F79EFBC}") = "InvasionSpatiale", "InvasionSpatiale\InvasionSpatiale.csproj", "{74FC779E-9A14-4B21-B3C3-73A97EBDD20F}"
EndProject
Global
	GlobalSection(SolutionConfigurationPlatforms) = preSolution
		Debug|Any CPU = Debug|Any CPU
		Release|Any CPU = Release|Any CPU
	EndGlobalSection
	GlobalSection(ProjectConfigurationPlatforms) = postSolution
		{74FC779E-9A14-4B21-B3C3-73A97EBDD20F}.Debug|Any CPU.ActiveCfg = Debug|Any CPU
		{74FC779E-9A14-4B21-B3C3-73A97EBDD20F}.Debug|Any CPU.Build.0 = Debug|Any CPU
		{74FC779E-9A14-4B21-B3C3-73A97EBDD20F}.Release|Any CPU.ActiveCfg = Release|Any CPU
		{74FC779E-9A14-4B21-B3C3-73A97EBDD20F}.Release|Any CPU.Build.0 = Release|Any CPU
	EndGlobalSection
	GlobalSection(SolutionProperties) = preSolution
		HideSolutionNode = FALSE
	EndGlobalSection
	GlobalSection(ExtensibilityGlobals) = postSolution
		SolutionGuid = {3788B6C3-B7FA-4209-B547-7D3AE506E3AD}
	EndGlobalSection
EndGlobal
